Microsoft Visual Studio Solution File, Format Version 12.00
# Visual Studio Version 17
VisualStudioVersion = 17.5.2.0
MinimumVisualStudioVersion = 10.0.40219.1
Project("{FAE04EC0-301F-11D3-BF4B-00C04F79EFBC}") = "ApiSieuThiSach", "ApiSieuThiSach\ApiSieuThiSach.csproj", "{A20417DE-63D3-DDD5-86B3-7F4C5CAE8023}"
EndProject
Global
	GlobalSection(SolutionConfigurationPlatforms) = preSolution
		Debug|Any CPU = Debug|Any CPU
		Release|Any CPU = Release|Any CPU
	EndGlobalSection
	GlobalSection(ProjectConfigurationPlatforms) = postSolution
		{A20417DE-63D3-DDD5-86B3-7F4C5CAE8023}.Debug|Any CPU.ActiveCfg = Debug|Any CPU
		{A20417DE-63D3-DDD5-86B3-7F4C5CAE8023}.Debug|Any CPU.Build.0 = Debug|Any CPU
		{A20417DE-63D3-DDD5-86B3-7F4C5CAE8023}.Release|Any CPU.ActiveCfg = Release|Any CPU
		{A20417DE-63D3-DDD5-86B3-7F4C5CAE8023}.Release|Any CPU.Build.0 = Release|Any CPU
	EndGlobalSection
	GlobalSection(SolutionProperties) = preSolution
		HideSolutionNode = FALSE
	EndGlobalSection
	GlobalSection(ExtensibilityGlobals) = postSolution
		SolutionGuid = {86F93614-09D2-4DF4-8F44-4D8F8AA852B7}
	EndGlobalSection
EndGlobal
